
Microsoft Visual Studio Solution File, Format Version 12.00
# Visual Studio 14
VisualStudioVersion = 14.0.25420.1
MinimumVisualStudioVersion = 10.0.40219.1
Project("{FAE04EC0-301F-11D3-BF4B-00C04F79EFBC}") = "FilesManagersMicroservices", "FilesManagersMicroservices\FilesManagersMicroservices.csproj", "{56211002-7920-4A7B-A11E-162EB74DC0EC}"
EndProject
Project("{FAE04EC0-301F-11D3-BF4B-00C04F79EFBC}") = "FilesManagersAdmin", "FilesManagersAdmin\FilesManagersAdmin.csproj", "{4ABB184D-CE08-4017-903F-874CADA3DC9C}"
EndProject
Project("{FAE04EC0-301F-11D3-BF4B-00C04F79EFBC}") = "FilesManagersDbContext", "FilesManagersDbContext\FilesManagersDbContext.csproj", "{9568292E-E72D-475F-8363-F20A8FAF9018}"
EndProject
Global
	GlobalSection(SolutionConfigurationPlatforms) = preSolution
		Debug|Any CPU = Debug|Any CPU
		Release|Any CPU = Release|Any CPU
	EndGlobalSection
	GlobalSection(ProjectConfigurationPlatforms) = postSolution
		{56211002-7920-4A7B-A11E-162EB74DC0EC}.Debug|Any CPU.ActiveCfg = Debug|Any CPU
		{56211002-7920-4A7B-A11E-162EB74DC0EC}.Debug|Any CPU.Build.0 = Debug|Any CPU
		{56211002-7920-4A7B-A11E-162EB74DC0EC}.Release|Any CPU.ActiveCfg = Release|Any CPU
		{56211002-7920-4A7B-A11E-162EB74DC0EC}.Release|Any CPU.Build.0 = Release|Any CPU
		{4ABB184D-CE08-4017-903F-874CADA3DC9C}.Debug|Any CPU.ActiveCfg = Debug|Any CPU
		{4ABB184D-CE08-4017-903F-874CADA3DC9C}.Debug|Any CPU.Build.0 = Debug|Any CPU
		{4ABB184D-CE08-4017-903F-874CADA3DC9C}.Release|Any CPU.ActiveCfg = Release|Any CPU
		{4ABB184D-CE08-4017-903F-874CADA3DC9C}.Release|Any CPU.Build.0 = Release|Any CPU
		{9568292E-E72D-475F-8363-F20A8FAF9018}.Debug|Any CPU.ActiveCfg = Debug|Any CPU
		{9568292E-E72D-475F-8363-F20A8FAF9018}.Debug|Any CPU.Build.0 = Debug|Any CPU
		{9568292E-E72D-475F-8363-F20A8FAF9018}.Release|Any CPU.ActiveCfg = Release|Any CPU
		{9568292E-E72D-475F-8363-F20A8FAF9018}.Release|Any CPU.Build.0 = Release|Any CPU
	EndGlobalSection
	GlobalSection(SolutionProperties) = preSolution
		HideSolutionNode = FALSE
	EndGlobalSection
EndGlobal
